version = 1
revision = 2
requires-python = ">=3.11"

[[package]]
name = "opa-ai-agent-guardrails"
version = "0.1.0"
source = { virtual = "." }
dependencies = [
    { name = "opa-py-wasm" },
]

[package.metadata]
requires-dist = [{ name = "opa-py-wasm", specifier = ">=0.3.2" }]

[[package]]
name = "opa-py-wasm"
version = "1.2.1"
source = { registry = "https://pypi.org/simple" }
dependencies = [
    { name = "wasmtime" },
]
sdist = { url = "https://files.pythonhosted.org/packages/51/74/7af80a9cb001c7fbbbf7bf7cfea1847172d1f7b7b15d275fb27863d1f701/opa_py_wasm-1.2.1.tar.gz", hash = "sha256:6748e7ab9371cef7a905d763416b506e65b3d4685094b0a7571f40f2f6d81fa9", size = 40609, upload-time = "2026-09-16T09:42:55.536Z" }
wheels = [
    { url = "https://files.pythonhosted.org/packages/00/ff/c57cb653f26015d99b59c7edf53ec2946341088101e8dcaf45ef08f001b9/opa_py_wasm-1.2.1-py3-none-any.whl", hash = "sha256:6c9093ee3de8adb8bcc78191a48df76ba5bb2478c0c8ef2accccb94baea807d9", size = 48007, upload-time = "2026-09-16T09:42:54.174Z" },
]

[[package]]
name = "wasmtime"
version = "46.0.1"
source = { registry = "https://pypi.org/simple" }
sdist = { url = "https://files.pythonhosted.org/packages/47/08/cc1b66560214169ceaa8a241d9fa72c03e7a37e36db278bb956437164d12/wasmtime-46.0.1.tar.gz", hash = "sha256:0da0388c21bc0f0e633c7a30f2b7939a657f5019258c9a3a63fd37298a0dbb8b", size = 128696, upload-time = "2026-06-29T13:23:27.54Z" }
wheels = [
    { url = "https://files.pythonhosted.org/packages/12/af/88abdc5c5ad7bfaa23b599300f4ef598bd999522c5711adedf3679935b4f/wasmtime-46.0.1-py3-none-android_26_arm64_v8a.whl", hash = "sha256:cc8d52f9ad3bedc1e4de5002f7b22d7cac400be046711d177f6ce20a11eacb31", size = 8797041, upload-time = "2026-06-29T13:23:01.864Z" },
    { url = "https://files.pythonhosted.org/packages/a7/9e/06f7b67811fda30321b389639c41c77b50e3664012848fa7495221dcf910/wasmtime-46.0.1-py3-none-android_26_x86_64.whl", hash = "sha256:f8e4b0ec402b84b856d3c6c2f96c6e6889c56e685b5cfed0a4040775c751ca38", size = 9763444, upload-time = "2026-06-29T13:23:04.397Z" },
    { url = "https://files.pythonhosted.org/packages/0e/9c/27a92babe08e48127ee0bbed37cc404ac07b433cb419d2bd617a4f9b164b/wasmtime-46.0.1-py3-none-any.whl", hash = "sha256:85a092a63c20ccecb965b9aa12a19368d2e06203436d19701068efc390efa678", size = 8070715, upload-time = "2026-06-29T13:23:06.907Z" },
    { url = "https://files.pythonhosted.org/packages/c2/34/8e3aedf1b3feb329d92f477d0c9e93b36f4551315fd1394023841dd2f4ad/wasmtime-46.0.1-py3-none-macosx_10_13_x86_64.whl", hash = "sha256:9b46c546bf73ece2600403db7dc604c3ef12046ccf2fabe07d7bfaa00453ce8b", size = 9511618, upload-time = "2026-06-29T13:23:09.099Z" },
    { url = "https://files.pythonhosted.org/packages/80/5b/54c773acaf90d8f82ec8476d96001fce84f9378dfd35ff3f062eb3d48a7a/wasmtime-46.0.1-py3-none-macosx_11_0_arm64.whl", hash = "sha256:de1a69573a173b5171f9413bcf0b88f4fed2721ed02c842fc25de5358730ccdf", size = 8379936, upload-time = "2026-06-29T13:23:11.242Z" },
    { url = "https://files.pythonhosted.org/packages/66/6e/04593825386a9135e6cdd89b9910adddf2cbbb82eb4105cedb3c73824fe7/wasmtime-46.0.1-py3-none-manylinux1_x86_64.whl", hash = "sha256:e53c65abe31aeeb19a3f794b6e53140d401c4c79ad91c89caefdc502ee2b10c1", size = 9843167, upload-time = "2026-06-29T13:23:13.358Z" },
    { url = "https://files.pythonhosted.org/packages/44/13/e2ec64f8d40380379567eda2f5976c1587d7a4e03f22e79ebc9a3b271d54/wasmtime-46.0.1-py3-none-manylinux2014_aarch64.whl", hash = "sha256:841b53fc17eedabaa6deb1e062a04a0a8953908d540fadb4149bc55c3f6d3e50", size = 8728588, upload-time = "2026-06-29T13:23:16.043Z" },
    { url = "https://files.pythonhosted.org/packages/9a/4a/83a75f75f67a0bb4a3a37a9273619ccdefa68ed9f2882ae684dd1e8df059/wasmtime-46.0.1-py3-none-musllinux_1_2_aarch64.whl", hash = "sha256:f295d10012b6ca6ecffa7757eed70b84ebaa2e33dc39275e7b6bed5eed5130b9", size = 8796373, upload-time = "2026-06-29T13:23:18.767Z" },
    { url = "https://files.pythonhosted.org/packages/9b/79/60738724291a6453503597993ac4289c24b3080b30fed90c44f332f0f381/wasmtime-46.0.1-py3-none-musllinux_1_2_x86_64.whl", hash = "sha256:05fc65164b4825bf1c3c8f007df070b25accc974cb81d0bfc1c5d76fdf6f70e0", size = 9880153, upload-time = "2026-06-29T13:23:21.413Z" },
    { url = "https://files.pythonhosted.org/packages/d3/92/8fafb879019178c2ecfdd5e62fa4e31cd6809444e646dd7d79c107ab3638/wasmtime-46.0.1-py3-none-win_amd64.whl", hash = "sha256:559b0753e3ea311fd16000fe51c08592a625e61ebb8640601ae7173fc516e430", size = 8070720, upload-time = "2026-06-29T13:23:23.994Z" },
    { url = "https://files.pythonhosted.org/packages/88/8e/820c09304a119b6b0871e8bdb5d9365cc43689057227bdc8960909cb712f/wasmtime-46.0.1-py3-none-win_arm64.whl", hash = "sha256:967625406fde8fc3c9d795ffbb7bdde77d0a38de776e8eb7a0416ca6d811a27a", size = 6933733, upload-time = "2026-06-29T13:23:26.125Z" },
]
